
Microsoft Visual Studio Solution File, Format Version 12.00
# Visual Studio Version 17
VisualStudioVersion = 17.14.37012.4
MinimumVisualStudioVersion = 10.0.40219.1
Project("{FAE04EC0-301F-11D3-BF4B-00C04F79EFBC}") = "NinetyBackend", "NinetyBackend\NinetyBackend.csproj", "{A4A1A2D9-E694-488B-8534-DBB718408FDC}"
EndProject
Project("{FAE04EC0-301F-11D3-BF4B-00C04F79EFBC}") = "NinetyBackend.Tests", "NinetyBackend.Tests\NinetyBackend.Tests.csproj", "{7EB4DF19-613E-4F27-AD61-522A26E2AAC6}"
EndProject
Global
	GlobalSection(SolutionConfigurationPlatforms) = preSolution
		Debug|Any CPU = Debug|Any CPU
		Debug|x64 = Debug|x64
		Debug|x86 = Debug|x86
		Release|Any CPU = Release|Any CPU
		Release|x64 = Release|x64
		Release|x86 = Release|x86
	EndGlobalSection
	GlobalSection(ProjectConfigurationPlatforms) = postSolution
		{A4A1A2D9-E694-488B-8534-DBB718408FDC}.Debug|Any CPU.ActiveCfg = Debug|Any CPU
		{A4A1A2D9-E694-488B-8534-DBB718408FDC}.Debug|Any CPU.Build.0 = Debug|Any CPU
		{A4A1A2D9-E694-488B-8534-DBB718408FDC}.Debug|x64.ActiveCfg = Debug|Any CPU
		{A4A1A2D9-E694-488B-8534-DBB718408FDC}.Debug|x64.Build.0 = Debug|Any CPU
		{A4A1A2D9-E694-488B-8534-DBB718408FDC}.Debug|x86.ActiveCfg = Debug|Any CPU
		{A4A1A2D9-E694-488B-8534-DBB718408FDC}.Debug|x86.Build.0 = Debug|Any CPU
		{A4A1A2D9-E694-488B-8534-DBB718408FDC}.Release|Any CPU.ActiveCfg = Release|Any CPU
		{A4A1A2D9-E694-488B-8534-DBB718408FDC}.Release|Any CPU.Build.0 = Release|Any CPU
		{A4A1A2D9-E694-488B-8534-DBB718408FDC}.Release|x64.ActiveCfg = Release|Any CPU
		{A4A1A2D9-E694-488B-8534-DBB718408FDC}.Release|x64.Build.0 = Release|Any CPU
		{A4A1A2D9-E694-488B-8534-DBB718408FDC}.Release|x86.ActiveCfg = Release|Any CPU
		{A4A1A2D9-E694-488B-8534-DBB718408FDC}.Release|x86.Build.0 = Release|Any CPU
		{7EB4DF19-613E-4F27-AD61-522A26E2AAC6}.Debug|Any CPU.ActiveCfg = Debug|Any CPU
		{7EB4DF19-613E-4F27-AD61-522A26E2AAC6}.Debug|Any CPU.Build.0 = Debug|Any CPU
		{7EB4DF19-613E-4F27-AD61-522A26E2AAC6}.Debug|x64.ActiveCfg = Debug|Any CPU
		{7EB4DF19-613E-4F27-AD61-522A26E2AAC6}.Debug|x64.Build.0 = Debug|Any CPU
		{7EB4DF19-613E-4F27-AD61-522A26E2AAC6}.Debug|x86.ActiveCfg = Debug|Any CPU
		{7EB4DF19-613E-4F27-AD61-522A26E2AAC6}.Debug|x86.Build.0 = Debug|Any CPU
		{7EB4DF19-613E-4F27-AD61-522A26E2AAC6}.Release|Any CPU.ActiveCfg = Release|Any CPU
		{7EB4DF19-613E-4F27-AD61-522A26E2AAC6}.Release|Any CPU.Build.0 = Release|Any CPU
		{7EB4DF19-613E-4F27-AD61-522A26E2AAC6}.Release|x64.ActiveCfg = Release|Any CPU
		{7EB4DF19-613E-4F27-AD61-522A26E2AAC6}.Release|x64.Build.0 = Release|Any CPU
		{7EB4DF19-613E-4F27-AD61-522A26E2AAC6}.Release|x86.ActiveCfg = Release|Any CPU
		{7EB4DF19-613E-4F27-AD61-522A26E2AAC6}.Release|x86.Build.0 = Release|Any CPU
	EndGlobalSection
	GlobalSection(SolutionProperties) = preSolution
		HideSolutionNode = FALSE
	EndGlobalSection
	GlobalSection(ExtensibilityGlobals) = postSolution
		SolutionGuid = {A6A05812-382B-4E63-A696-AE77AFA972B5}
	EndGlobalSection
EndGlobal
